
Microsoft Visual Studio Solution File, Format Version 12.00
# Visual Studio Version 16
VisualStudioVersion = 16.0.30309.148
MinimumVisualStudioVersion = 10.0.40219.1
Project("{FAE04EC0-301F-11D3-BF4B-00C04F79EFBC}") = "familyProject", "familyProject\familyProject.csproj", "{33055ABF-255A-43BB-8C2D-4EFF18FE8013}"
EndProject
Global
	GlobalSection(SolutionConfigurationPlatforms) = preSolution
		Debug|Any CPU = Debug|Any CPU
		Release|Any CPU = Release|Any CPU
	EndGlobalSection
	GlobalSection(ProjectConfigurationPlatforms) = postSolution
		{33055ABF-255A-43BB-8C2D-4EFF18FE8013}.Debug|Any CPU.ActiveCfg = Debug|Any CPU
		{33055ABF-255A-43BB-8C2D-4EFF18FE8013}.Debug|Any CPU.Build.0 = Debug|Any CPU
		{33055ABF-255A-43BB-8C2D-4EFF18FE8013}.Release|Any CPU.ActiveCfg = Release|Any CPU
		{33055ABF-255A-43BB-8C2D-4EFF18FE8013}.Release|Any CPU.Build.0 = Release|Any CPU
	EndGlobalSection
	GlobalSection(SolutionProperties) = preSolution
		HideSolutionNode = FALSE
	EndGlobalSection
	GlobalSection(ExtensibilityGlobals) = postSolution
		SolutionGuid = {5A60492C-E260-489A-BB6B-4332911E9EE0}
	EndGlobalSection
EndGlobal
